
Microsoft Visual Studio Solution File, Format Version 12.00
# Visual Studio Version 17
VisualStudioVersion = 17.10.34928.147
MinimumVisualStudioVersion = 10.0.40219.1
Project("{9A19103F-16F7-4668-BE54-9A1E7A4F7556}") = "DuplicateDetectorExtension", "DuplicateDetectorExtension\DuplicateDetectorExtension.csproj", "{13D60034-1BC4-4116-8284-CEFDC09B220B}"
EndProject
Project("{FAE04EC0-301F-11D3-BF4B-00C04F79EFBC}") = "DuplicateDetector.Tests", "DuplicateDetector.Tests\DuplicateDetector.Tests.csproj", "{B594D1EB-2D60-48CC-A255-EF34CF658F5E}"
EndProject
Global
	GlobalSection(SolutionConfigurationPlatforms) = preSolution
		Debug|Any CPU = Debug|Any CPU
		Release|Any CPU = Release|Any CPU
	EndGlobalSection
	GlobalSection(ProjectConfigurationPlatforms) = postSolution
		{13D60034-1BC4-4116-8284-CEFDC09B220B}.Debug|Any CPU.ActiveCfg = Debug|Any CPU
		{13D60034-1BC4-4116-8284-CEFDC09B220B}.Debug|Any CPU.Build.0 = Debug|Any CPU
		{13D60034-1BC4-4116-8284-CEFDC09B220B}.Release|Any CPU.ActiveCfg = Release|Any CPU
		{13D60034-1BC4-4116-8284-CEFDC09B220B}.Release|Any CPU.Build.0 = Release|Any CPU
		{B594D1EB-2D60-48CC-A255-EF34CF658F5E}.Debug|Any CPU.ActiveCfg = Debug|Any CPU
		{B594D1EB-2D60-48CC-A255-EF34CF658F5E}.Debug|Any CPU.Build.0 = Debug|Any CPU
		{B594D1EB-2D60-48CC-A255-EF34CF658F5E}.Release|Any CPU.ActiveCfg = Release|Any CPU
		{B594D1EB-2D60-48CC-A255-EF34CF658F5E}.Release|Any CPU.Build.0 = Release|Any CPU
	EndGlobalSection
	GlobalSection(SolutionProperties) = preSolution
		HideSolutionNode = FALSE
	EndGlobalSection
	GlobalSection(ExtensibilityGlobals) = postSolution
		SolutionGuid = {4050FA85-5387-4DDD-B225-DF6CA8BB957F}
	EndGlobalSection
EndGlobal
